// !$*UTF8*$!
{
	archiveVersion = 1;
	classes = {
	};
	objectVersion = 50;
	objects = {

/* Begin PBXBuildFile section */
		7226BD8B243BBCC300228F65 /* AppDelegate.swift in Sources */ = {isa = PBXBuildFile; fileRef = 7226BD8A243BBCC300228F65 /* AppDelegate.swift */; };
		7226BD8D243BBCC300228F65 /* SceneDelegate.swift in Sources */ = {isa = PBXBuildFile; fileRef = 7226BD8C243BBCC300228F65 /* SceneDelegate.swift */; };
		7226BD8F243BBCC300228F65 /* ViewController.swift in Sources */ = {isa = PBXBuildFile; fileRef = 7226BD8E243BBCC300228F65 /* ViewController.swift */; };
		7226BD92243BBCC300228F65 /* Main.storyboard in Resources */ = {isa = PBXBuildFile; fileRef = 7226BD90243BBCC300228F65 /* Main.storyboard */; };
		7226BD94243BBCC600228F65 /* Assets.xcassets in Resources */ = {isa = PBXBuildFile; fileRef = 7226BD93243BBCC600228F65 /* Assets.xcassets */; };
		7226BD97243BBCC600228F65 /* LaunchScreen.storyboard in Resources */ = {isa = PBXBuildFile; fileRef = 7226BD95243BBCC600228F65 /* LaunchScreen.storyboard */; };
		72744D2B243C2D4400705F5B /* WODDetailsViewController.swift in Sources */ = {isa = PBXBuildFile; fileRef = 72744D2A243C2D4400705F5B /* WODDetailsViewController.swift */; };
		7280DBA9243E08C50015CAF2 /* MyResultsViewController.swift in Sources */ = {isa = PBXBuildFile; fileRef = 7280DBA8243E08C50015CAF2 /* MyResultsViewController.swift */; };
		729F3248243BDAB100BFBDCE /* WODScoreResultsViewController.swift in Sources */ = {isa = PBXBuildFile; fileRef = 729F3247243BDAB100BFBDCE /* WODScoreResultsViewController.swift */; };
/* End PBXBuildFile section */

/* Begin PBXFileReference section */
		7226BD87243BBCC300228F65 /* WOD Math.app */ = {isa = PBXFileReference; explicitFileType = wrapper.application; includeInIndex = 0; path = "WOD Math.app"; sourceTree = BUILT_PRODUCTS_DIR; };
		7226BD8A243BBCC300228F65 /* AppDelegate.swift */ = {isa = PBXFileReference; lastKnownFileType = sourcecode.swift; path = AppDelegate.swift; sourceTree = "<group>"; };
		7226BD8C243BBCC300228F65 /* SceneDelegate.swift */ = {isa = PBXFileReference; lastKnownFileType = sourcecode.swift; path = SceneDelegate.swift; sourceTree = "<group>"; };
		7226BD8E243BBCC300228F65 /* ViewController.swift */ = {isa = PBXFileReference; lastKnownFileType = sourcecode.swift; path = ViewController.swift; sourceTree = "<group>"; };
		7226BD91243BBCC300228F65 /* Base */ = {isa = PBXFileReference; lastKnownFileType = file.storyboard; name = Base; path = Base.lproj/Main.storyboard; sourceTree = "<group>"; };
		7226BD93243BBCC600228F65 /* Assets.xcassets */ = {isa = PBXFileReference; lastKnownFileType = folder.assetcatalog; path = Assets.xcassets; sourceTree = "<group>"; };
		7226BD96243BBCC600228F65 /* Base */ = {isa = PBXFileReference; lastKnownFileType = file.storyboard; name = Base; path = Base.lproj/LaunchScreen.storyboard; sourceTree = "<group>"; };
		7226BD98243BBCC600228F65 /* Info.plist */ = {isa = PBXFileReference; lastKnownFileType = text.plist.xml; path = Info.plist; sourceTree = "<group>"; };
		72744D2A243C2D4400705F5B /* WODDetailsViewController.swift */ = {isa = PBXFileReference; lastKnownFileType = sourcecode.swift; path = WODDetailsViewController.swift; sourceTree = "<group>"; };
		7280DBA8243E08C50015CAF2 /* MyResultsViewController.swift */ = {isa = PBXFileReference; lastKnownFileType = sourcecode.swift; path = MyResultsViewController.swift; sourceTree = "<group>"; };
		729F3247243BDAB100BFBDCE /* WODScoreResultsViewController.swift */ = {isa = PBXFileReference; lastKnownFileType = sourcecode.swift; path = WODScoreResultsViewController.swift; sourceTree = "<group>"; };
/* End PBXFileReference section */

/* Begin PBXFrameworksBuildPhase section */
		7226BD84243BBCC300228F65 /* Frameworks */ = {
			isa = PBXFrameworksBuildPhase;
			buildActionMask = 2147483647;
			files = (
			);
			runOnlyForDeploymentPostprocessing = 0;
		};
/* End PBXFrameworksBuildPhase section */

/* Begin PBXGroup section */
		7226BD7E243BBCC200228F65 = {
			isa = PBXGroup;
			children = (
				7226BD89243BBCC300228F65 /* WOD Math */,
				7226BD88243BBCC300228F65 /* Products */,
			);
			sourceTree = "<group>";
		};
		7226BD88243BBCC300228F65 /* Products */ = {
			isa = PBXGroup;
			children = (
				7226BD87243BBCC300228F65 /* WOD Math.app */,
			);
			name = Products;
			sourceTree = "<group>";
		};
		7226BD89243BBCC300228F65 /* WOD Math */ = {
			isa = PBXGroup;
			children = (
				7226BD8A243BBCC300228F65 /* AppDelegate.swift */,
				7226BD8C243BBCC300228F65 /* SceneDelegate.swift */,
				7226BDA0243BD41F00228F65 /* Controllers */,
				7226BD90243BBCC300228F65 /* Main.storyboard */,
				7226BD93243BBCC600228F65 /* Assets.xcassets */,
				7226BD95243BBCC600228F65 /* LaunchScreen.storyboard */,
				7226BD98243BBCC600228F65 /* Info.plist */,
			);
			path = "WOD Math";
			sourceTree = "<group>";
		};
		7226BDA0243BD41F00228F65 /* Controllers */ = {
			isa = PBXGroup;
			children = (
				7226BD8E243BBCC300228F65 /* ViewController.swift */,
				72744D2A243C2D4400705F5B /* WODDetailsViewController.swift */,
				7280DBA8243E08C50015CAF2 /* MyResultsViewController.swift */,
				729F3247243BDAB100BFBDCE /* WODScoreResultsViewController.swift */,
			);
			path = Controllers;
			sourceTree = "<group>";
		};
/* End PBXGroup section */

/* Begin PBXNativeTarget section */
		7226BD86243BBCC300228F65 /* WOD Math */ = {
			isa = PBXNativeTarget;
			buildConfigurationList = 7226BD9B243BBCC600228F65 /* Build configuration list for PBXNativeTarget "WOD Math" */;
			buildPhases = (
				7226BD83243BBCC300228F65 /* Sources */,
				7226BD84243BBCC300228F65 /* Frameworks */,
				7226BD85243BBCC300228F65 /* Resources */,
			);
			buildRules = (
			);
			dependencies = (
			);
			name = "WOD Math";
			productName = "WOD Math";
			productReference = 7226BD87243BBCC300228F65 /* WOD Math.app */;
			productType = "com.apple.product-type.application";
		};
/* End PBXNativeTarget section */

/* Begin PBXProject section */
		7226BD7F243BBCC200228F65 /* Project object */ = {
			isa = PBXProject;
			attributes = {
				LastSwiftUpdateCheck = 1140;
				LastUpgradeCheck = 1140;
				ORGANIZATIONNAME = "Charles Eison";
				TargetAttributes = {
					7226BD86243BBCC300228F65 = {
						CreatedOnToolsVersion = 11.4;
					};
				};
			};
			buildConfigurationList = 7226BD82243BBCC200228F65 /* Build configuration list for PBXProject "WOD Math" */;
			compatibilityVersion = "Xcode 9.3";
			developmentRegion = en;
			hasScannedForEncodings = 0;
			knownRegions = (
				en,
				Base,
			);
			mainGroup = 7226BD7E243BBCC200228F65;
			productRefGroup = 7226BD88243BBCC300228F65 /* Products */;
			projectDirPath = "";
			projectRoot = "";
			targets = (
				7226BD86243BBCC300228F65 /* WOD Math */,
			);
		};
/* End PBXProject section */

/* Begin PBXResourcesBuildPhase section */
		7226BD85243BBCC300228F65 /* Resources */ = {
			isa = PBXResourcesBuildPhase;
			buildActionMask = 2147483647;
			files = (
				7226BD97243BBCC600228F65 /* LaunchScreen.storyboard in Resources */,
				7226BD94243BBCC600228F65 /* Assets.xcassets in Resources */,
				7226BD92243BBCC300228F65 /* Main.storyboard in Resources */,
			);
			runOnlyForDeploymentPostprocessing = 0;
		};
/* End PBXResourcesBuildPhase section */

/* Begin PBXSourcesBuildPhase section */
		7226BD83243BBCC300228F65 /* Sources */ = {
			isa = PBXSourcesBuildPhase;
			buildActionMask = 2147483647;
			files = (
				729F3248243BDAB100BFBDCE /* WODScoreResultsViewController.swift in Sources */,
				72744D2B243C2D4400705F5B /* WODDetailsViewController.swift in Sources */,
				7226BD8F243BBCC300228F65 /* ViewController.swift in Sources */,
				7226BD8B243BBCC300228F65 /* AppDelegate.swift in Sources */,
				7226BD8D243BBCC300228F65 /* SceneDelegate.swift in Sources */,
				7280DBA9243E08C50015CAF2 /* MyResultsViewController.swift in Sources */,
			);
			runOnlyForDeploymentPostprocessing = 0;
		};
/* End PBXSourcesBuildPhase section */

/* Begin PBXVariantGroup section */
		7226BD90243BBCC300228F65 /* Main.storyboard */ = {
			isa = PBXVariantGroup;
			children = (
				7226BD91243BBCC300228F65 /* Base */,
			);
			name = Main.storyboard;
			sourceTree = "<group>";
		};
		7226BD95243BBCC600228F65 /* LaunchScreen.storyboard */ = {
			isa = PBXVariantGroup;
			children = (
				7226BD96243BBCC600228F65 /* Base */,
			);
			name = LaunchScreen.storyboard;
			sourceTree = "<group>";
		};
/* End PBXVariantGroup section */

/* Begin XCBuildConfiguration section */
		7226BD99243BBCC600228F65 /* Debug */ = {
			isa = XCBuildConfiguration;
			buildSettings = {
				ALWAYS_SEARCH_USER_PATHS = NO;
				CLANG_ANALYZER_NONNULL = YES;
				CLANG_ANALYZER_NUMBER_OBJECT_CONVERSION = YES_AGGRESSIVE;
				CLANG_CXX_LANGUAGE_STANDARD = "gnu++14";
				CLANG_CXX_LIBRARY = "libc++";
				CLANG_ENABLE_MODULES = YES;
				CLANG_ENABLE_OBJC_ARC = YES;
				CLANG_ENABLE_OBJC_WEAK = YES;
				CLANG_WARN_BLOCK_CAPTURE_AUTORELEASING = YES;
				CLANG_WARN_BOOL_CONVERSION = YES;
				CLANG_WARN_COMMA = YES;
				CLANG_WARN_CONSTANT_CONVERSION = YES;
				CLANG_WARN_DEPRECATED_OBJC_IMPLEMENTATIONS = YES;
				CLANG_WARN_DIRECT_OBJC_ISA_USAGE = YES_ERROR;
				CLANG_WARN_DOCUMENTATION_COMMENTS = YES;
				CLANG_WARN_EMPTY_BODY = YES;
				CLANG_WARN_ENUM_CONVERSION = YES;
				CLANG_WARN_INFINITE_RECURSION = YES;
				CLANG_WARN_INT_CONVERSION = YES;
				CLANG_WARN_NON_LITERAL_NULL_CONVERSION = YES;
				CLANG_WARN_OBJC_IMPLICIT_RETAIN_SELF = YES;
				CLANG_WARN_OBJC_LITERAL_CONVERSION = YES;
				CLANG_WARN_OBJC_ROOT_CLASS = YES_ERROR;
				CLANG_WARN_RANGE_LOOP_ANALYSIS = YES;
				CLANG_WARN_STRICT_PROTOTYPES = YES;
				CLANG_WARN_SUSPICIOUS_MOVE = YES;
				CLANG_WARN_UNGUARDED_AVAILABILITY = YES_AGGRESSIVE;
				CLANG_WARN_UNREACHABLE_CODE = YES;
				CLANG_WARN__DUPLICATE_METHOD_MATCH = YES;
				COPY_PHASE_STRIP = NO;
				DEBUG_INFORMATION_FORMAT = dwarf;
				ENABLE_STRICT_OBJC_MSGSEND = YES;
				ENABLE_TESTABILITY = YES;
				GCC_C_LANGUAGE_STANDARD = gnu11;
				GCC_DYNAMIC_NO_PIC = NO;
				GCC_NO_COMMON_BLOCKS = YES;
				GCC_OPTIMIZATION_LEVEL = 0;
				GCC_PREPROCESSOR_DEFINITIONS = (
					"DEBUG=1",
					"$(inherited)",
				);
				GCC_WARN_64_TO_32_BIT_CONVERSION = YES;
				GCC_WARN_ABOUT_RETURN_TYPE = YES_ERROR;
				GCC_WARN_UNDECLARED_SELECTOR = YES;
				GCC_WARN_UNINITIALIZED_AUTOS = YES_AGGRESSIVE;
				GCC_WARN_UNUSED_FUNCTION = YES;
				GCC_WARN_UNUSED_VARIABLE = YES;
				IPHONEOS_DEPLOYMENT_TARGET = 13.4;
				MTL_ENABLE_DEBUG_INFO = INCLUDE_SOURCE;
				MTL_FAST_MATH = YES;
				ONLY_ACTIVE_ARCH = YES;
				SDKROOT = iphoneos;
				SWIFT_ACTIVE_COMPILATION_CONDITIONS = DEBUG;
				SWIFT_OPTIMIZATION_LEVEL = "-Onone";
			};
			name = Debug;
		};
		7226BD9A243BBCC600228F65 /* Release */ = {
			isa = XCBuildConfiguration;
			buildSettings = {
				ALWAYS_SEARCH_USER_PATHS = NO;
				CLANG_ANALYZER_NONNULL = YES;
				CLANG_ANALYZER_NUMBER_OBJECT_CONVERSION = YES_AGGRESSIVE;
				CLANG_CXX_LANGUAGE_STANDARD = "gnu++14";
				CLANG_CXX_LIBRARY = "libc++";
				CLANG_ENABLE_MODULES = YES;
				CLANG_ENABLE_OBJC_ARC = YES;
				CLANG_ENABLE_OBJC_WEAK = YES;
				CLANG_WARN_BLOCK_CAPTURE_AUTORELEASING = YES;
				CLANG_WARN_BOOL_CONVERSION = YES;
				CLANG_WARN_COMMA = YES;
				CLANG_WARN_CONSTANT_CONVERSION = YES;
				CLANG_WARN_DEPRECATED_OBJC_IMPLEMENTATIONS = YES;
				CLANG_WARN_DIRECT_OBJC_ISA_USAGE = YES_ERROR;
				CLANG_WARN_DOCUMENTATION_COMMENTS = YES;
				CLANG_WARN_EMPTY_BODY = YES;
				CLANG_WARN_ENUM_CONVERSION = YES;
				CLANG_WARN_INFINITE_RECURSION = YES;
				CLANG_WARN_INT_CONVERSION = YES;
				CLANG_WARN_NON_LITERAL_NULL_CONVERSION = YES;
				CLANG_WARN_OBJC_IMPLICIT_RETAIN_SELF = YES;
				CLANG_WARN_OBJC_LITERAL_CONVERSION = YES;
				CLANG_WARN_OBJC_ROOT_CLASS = YES_ERROR;
				CLANG_WARN_RANGE_LOOP_ANALYSIS = YES;
				CLANG_WARN_STRICT_PROTOTYPES = YES;
				CLANG_WARN_SUSPICIOUS_MOVE = YES;
				CLANG_WARN_UNGUARDED_AVAILABILITY = YES_AGGRESSIVE;
				CLANG_WARN_UNREACHABLE_CODE = YES;
				CLANG_WARN__DUPLICATE_METHOD_MATCH = YES;
				COPY_PHASE_STRIP = NO;
				DEBUG_INFORMATION_FORMAT = "dwarf-with-dsym";
				ENABLE_NS_ASSERTIONS = NO;
				ENABLE_STRICT_OBJC_MSGSEND = YES;
				GCC_C_LANGUAGE_STANDARD = gnu11;
				GCC_NO_COMMON_BLOCKS = YES;
				GCC_WARN_64_TO_32_BIT_CONVERSION = YES;
				GCC_WARN_ABOUT_RETURN_TYPE = YES_ERROR;
				GCC_WARN_UNDECLARED_SELECTOR = YES;
				GCC_WARN_UNINITIALIZED_AUTOS = YES_AGGRESSIVE;
				GCC_WARN_UNUSED_FUNCTION = YES;
				GCC_WARN_UNUSED_VARIABLE = YES;
				IPHONEOS_DEPLOYMENT_TARGET = 13.4;
				MTL_ENABLE_DEBUG_INFO = NO;
				MTL_FAST_MATH = YES;
				SDKROOT = iphoneos;
				SWIFT_COMPILATION_MODE = wholemodule;
				SWIFT_OPTIMIZATION_LEVEL = "-O";
				VALIDATE_PRODUCT = YES;
			};
			name = Release;
		};
		7226BD9C243BBCC600228F65 /* Debug */ = {
			isa = XCBuildConfiguration;
			buildSettings = {
				ASSETCATALOG_COMPILER_APPICON_NAME = AppIcon;
				CODE_SIGN_STYLE = Automatic;
				DEVELOPMENT_TEAM = Q9ZR292R7K;
				INFOPLIST_FILE = "WOD Math/Info.plist";
				IPHONEOS_DEPLOYMENT_TARGET = 13.0;
				LD_RUNPATH_SEARCH_PATHS = (
					"$(inherited)",
					"@executable_path/Frameworks",
				);
				PRODUCT_BUNDLE_IDENTIFIER = "com.charlieeison.WOD-Math";
				PRODUCT_NAME = "$(TARGET_NAME)";
				SWIFT_VERSION = 5.0;
				TARGETED_DEVICE_FAMILY = "1,2";
			};
			name = Debug;
		};
		7226BD9D243BBCC600228F65 /* Release */ = {
			isa = XCBuildConfiguration;
			buildSettings = {
				ASSETCATALOG_COMPILER_APPICON_NAME = AppIcon;
				CODE_SIGN_STYLE = Automatic;
				DEVELOPMENT_TEAM = Q9ZR292R7K;
				INFOPLIST_FILE = "WOD Math/Info.plist";
				IPHONEOS_DEPLOYMENT_TARGET = 13.0;
				LD_RUNPATH_SEARCH_PATHS = (
					"$(inherited)",
					"@executable_path/Frameworks",
				);
				PRODUCT_BUNDLE_IDENTIFIER = "com.charlieeison.WOD-Math";
				PRODUCT_NAME = "$(TARGET_NAME)";
				SWIFT_VERSION = 5.0;
				TARGETED_DEVICE_FAMILY = "1,2";
			};
			name = Release;
		};
/* End XCBuildConfiguration section */

/* Begin XCConfigurationList section */
		7226BD82243BBCC200228F65 /* Build configuration list for PBXProject "WOD Math" */ = {
			isa = XCConfigurationList;
			buildConfigurations = (
				7226BD99243BBCC600228F65 /* Debug */,
				7226BD9A243BBCC600228F65 /* Release */,
			);
			defaultConfigurationIsVisible = 0;
			defaultConfigurationName = Release;
		};
		7226BD9B243BBCC600228F65 /* Build configuration list for PBXNativeTarget "WOD Math" */ = {
			isa = XCConfigurationList;
			buildConfigurations = (
				7226BD9C243BBCC600228F65 /* Debug */,
				7226BD9D243BBCC600228F65 /* Release */,
			);
			defaultConfigurationIsVisible = 0;
			defaultConfigurationName = Release;
		};
/* End XCConfigurationList section */
	};
	rootObject = 7226BD7F243BBCC200228F65 /* Project object */;
}
